
Microsoft Visual Studio Solution File, Format Version 12.00
# Visual Studio Version 17
VisualStudioVersion = 17.3.32819.101
MinimumVisualStudioVersion = 10.0.40219.1
Project("{FAE04EC0-301F-11D3-BF4B-00C04F79EFBC}") = "KeydataCRM", "KeydataCRM\KeydataCRM.csproj", "{177CE13F-FB09-493A-AF9B-3230B32B1C28}"
EndProject
Project("{FAE04EC0-301F-11D3-BF4B-00C04F79EFBC}") = "EntityLayer", "EntityLayer\EntityLayer.csproj", "{370DED06-26F1-4DEE-8152-93912B83253A}"
EndProject
Project("{FAE04EC0-301F-11D3-BF4B-00C04F79EFBC}") = "DataAccessLayer", "DataAccessLayer\DataAccessLayer.csproj", "{5D85F74A-335C-40C0-A4A6-A1E0276772B1}"
EndProject
Project("{FAE04EC0-301F-11D3-BF4B-00C04F79EFBC}") = "BusinessLayer", "BusinessLayer\BusinessLayer.csproj", "{8AA702EB-8E90-4BC9-883A-BEC1526DC000}"
EndProject
Global
	GlobalSection(SolutionConfigurationPlatforms) = preSolution
		Debug|Any CPU = Debug|Any CPU
		Release|Any CPU = Release|Any CPU
	EndGlobalSection
	GlobalSection(ProjectConfigurationPlatforms) = postSolution
		{177CE13F-FB09-493A-AF9B-3230B32B1C28}.Debug|Any CPU.ActiveCfg = Debug|Any CPU
		{177CE13F-FB09-493A-AF9B-3230B32B1C28}.Debug|Any CPU.Build.0 = Debug|Any CPU
		{177CE13F-FB09-493A-AF9B-3230B32B1C28}.Release|Any CPU.ActiveCfg = Release|Any CPU
		{177CE13F-FB09-493A-AF9B-3230B32B1C28}.Release|Any CPU.Build.0 = Release|Any CPU
		{370DED06-26F1-4DEE-8152-93912B83253A}.Debug|Any CPU.ActiveCfg = Debug|Any CPU
		{370DED06-26F1-4DEE-8152-93912B83253A}.Debug|Any CPU.Build.0 = Debug|Any CPU
		{370DED06-26F1-4DEE-8152-93912B83253A}.Release|Any CPU.ActiveCfg = Release|Any CPU
		{370DED06-26F1-4DEE-8152-93912B83253A}.Release|Any CPU.Build.0 = Release|Any CPU
		{5D85F74A-335C-40C0-A4A6-A1E0276772B1}.Debug|Any CPU.ActiveCfg = Debug|Any CPU
		{5D85F74A-335C-40C0-A4A6-A1E0276772B1}.Debug|Any CPU.Build.0 = Debug|Any CPU
		{5D85F74A-335C-40C0-A4A6-A1E0276772B1}.Release|Any CPU.ActiveCfg = Release|Any CPU
		{5D85F74A-335C-40C0-A4A6-A1E0276772B1}.Release|Any CPU.Build.0 = Release|Any CPU
		{8AA702EB-8E90-4BC9-883A-BEC1526DC000}.Debug|Any CPU.ActiveCfg = Debug|Any CPU
		{8AA702EB-8E90-4BC9-883A-BEC1526DC000}.Debug|Any CPU.Build.0 = Debug|Any CPU
		{8AA702EB-8E90-4BC9-883A-BEC1526DC000}.Release|Any CPU.ActiveCfg = Release|Any CPU
		{8AA702EB-8E90-4BC9-883A-BEC1526DC000}.Release|Any CPU.Build.0 = Release|Any CPU
	EndGlobalSection
	GlobalSection(SolutionProperties) = preSolution
		HideSolutionNode = FALSE
	EndGlobalSection
	GlobalSection(ExtensibilityGlobals) = postSolution
		SolutionGuid = {4EE28382-6C5F-4C1A-8CDD-60C49739C268}
	EndGlobalSection
EndGlobal
